
Microsoft Visual Studio Solution File, Format Version 12.00
# Visual Studio Version 16
VisualStudioVersion = 16.0.33130.400
MinimumVisualStudioVersion = 10.0.40219.1
Project("{FAE04EC0-301F-11D3-BF4B-00C04F79EFBC}") = "Questão01", "Questão01\Questão01.csproj", "{84268DB3-9D53-4E38-91BF-33DA41EE82E9}"
EndProject
Project("{FAE04EC0-301F-11D3-BF4B-00C04F79EFBC}") = "Questão02", "Questão02\Questão02.csproj", "{111FB18F-56BA-47FC-AC1B-8D273222BF22}"
EndProject
Project("{FAE04EC0-301F-11D3-BF4B-00C04F79EFBC}") = "Questão03", "Questão03\Questão03.csproj", "{D09463CF-251D-417E-B555-705DAD7BA969}"
EndProject
Global
	GlobalSection(SolutionConfigurationPlatforms) = preSolution
		Debug|Any CPU = Debug|Any CPU
		Release|Any CPU = Release|Any CPU
	EndGlobalSection
	GlobalSection(ProjectConfigurationPlatforms) = postSolution
		{84268DB3-9D53-4E38-91BF-33DA41EE82E9}.Debug|Any CPU.ActiveCfg = Debug|Any CPU
		{84268DB3-9D53-4E38-91BF-33DA41EE82E9}.Debug|Any CPU.Build.0 = Debug|Any CPU
		{84268DB3-9D53-4E38-91BF-33DA41EE82E9}.Release|Any CPU.ActiveCfg = Release|Any CPU
		{84268DB3-9D53-4E38-91BF-33DA41EE82E9}.Release|Any CPU.Build.0 = Release|Any CPU
		{111FB18F-56BA-47FC-AC1B-8D273222BF22}.Debug|Any CPU.ActiveCfg = Debug|Any CPU
		{111FB18F-56BA-47FC-AC1B-8D273222BF22}.Debug|Any CPU.Build.0 = Debug|Any CPU
		{111FB18F-56BA-47FC-AC1B-8D273222BF22}.Release|Any CPU.ActiveCfg = Release|Any CPU
		{111FB18F-56BA-47FC-AC1B-8D273222BF22}.Release|Any CPU.Build.0 = Release|Any CPU
		{D09463CF-251D-417E-B555-705DAD7BA969}.Debug|Any CPU.ActiveCfg = Debug|Any CPU
		{D09463CF-251D-417E-B555-705DAD7BA969}.Debug|Any CPU.Build.0 = Debug|Any CPU
		{D09463CF-251D-417E-B555-705DAD7BA969}.Release|Any CPU.ActiveCfg = Release|Any CPU
		{D09463CF-251D-417E-B555-705DAD7BA969}.Release|Any CPU.Build.0 = Release|Any CPU
	EndGlobalSection
	GlobalSection(SolutionProperties) = preSolution
		HideSolutionNode = FALSE
	EndGlobalSection
	GlobalSection(ExtensibilityGlobals) = postSolution
		SolutionGuid = {40478EAD-4CD0-476F-882F-E7AF35780F4A}
	EndGlobalSection
EndGlobal
